# THIS IS AN AUTOGENERATED FILE. DO NOT EDIT THIS FILE DIRECTLY.
# yarn lockfile v1


"@figma/plugin-typings@^1.64.0":
  version "1.64.0"
  resolved "https://registry.yarnpkg.com/@figma/plugin-typings/-/plugin-typings-1.64.0.tgz#521f2399dd6d570f047e323dab2abd27ee6a869d"
  integrity sha512-oQUqYh790cXBP3x9Ejq0Wyp/AJZzYfjlB3Od8xuljL/lJFUsP+z4BSshB6nipYmQb6iih1+9d1PhgE9qxzuQQg==

prettier@^2.8.8:
  version "2.8.8"
  resolved "https://registry.yarnpkg.com/prettier/-/prettier-2.8.8.tgz#e8c5d7e98a4305ffe3de2e1fc4aca1a71c28b1da"
  integrity sha512-tdN8qQGvNjw4CHbY+XXk0JgCXn9QiF21a55rBe5LJAU+kDyC4WQn4+awm2Xfk2lQMk5fKup9XgzTZtGkjBdP9Q==

typescript@*:
  version "5.0.4"
  resolved "https://registry.yarnpkg.com/typescript/-/typescript-5.0.4.tgz#b217fd20119bd61a94d4011274e0ab369058da3b"
  integrity sha512-cW9T5W9xY37cc+jfEnaUvX91foxtHkza3Nw3wkoF4sSlKn0MONdkdEndig/qPBWXNkmplh3NzayQzCiHM4/hqw==
